
Microsoft Visual Studio Solution File, Format Version 12.00
# Visual Studio Version 17
VisualStudioVersion = 17.0.31903.59
MinimumVisualStudioVersion = 10.0.40219.1
Project("{FAE04EC0-301F-11D3-BF4B-00C04F79EFBC}") = "IfStatements", "IfStatements\IfStatements.csproj", "{C75D0D2B-2F0D-453A-B0E3-0B32D0685894}"
EndProject
Project("{FAE04EC0-301F-11D3-BF4B-00C04F79EFBC}") = "WhileStatements", "WhileStatements\WhileStatements.csproj", "{64B07AEC-6231-45A7-A972-4D611C541BFC}"
EndProject
Project("{FAE04EC0-301F-11D3-BF4B-00C04F79EFBC}") = "SwitchStatements", "SwitchStatements\SwitchStatements.csproj", "{E75F2640-7CC0-4413-8486-5BF790122CE8}"
EndProject
Project("{FAE04EC0-301F-11D3-BF4B-00C04F79EFBC}") = "ForLoopStatements", "ForLoopStatements\ForLoopStatements.csproj", "{EC91C2BC-1B3D-4D87-95B0-3F07218F5163}"
EndProject
Project("{FAE04EC0-301F-11D3-BF4B-00C04F79EFBC}") = "DoWhileStatements", "DoWhileStatements\DoWhileStatements.csproj", "{414237FE-A1CD-47D1-82D1-53438411B5F2}"
EndProject
Project("{FAE04EC0-301F-11D3-BF4B-00C04F79EFBC}") = "NumericFormatting", "NumericFormatting\NumericFormatting.csproj", "{87807CBE-B275-4AC1-9830-4297911085DC}"
EndProject
Project("{FAE04EC0-301F-11D3-BF4B-00C04F79EFBC}") = "TryParse", "TryParse\TryParse.csproj", "{E04999FF-BC41-47EB-95F3-394E0E21A8A3}"
EndProject
Project("{FAE04EC0-301F-11D3-BF4B-00C04F79EFBC}") = "TimesTable", "TimesTable\TimesTable.csproj", "{ED80DFD0-7307-447E-82EA-99253F8DBBBE}"
EndProject
Project("{FAE04EC0-301F-11D3-BF4B-00C04F79EFBC}") = "FizzBuzzGame", "FizzBuzzGame\FizzBuzzGame.csproj", "{6AB8720F-CBCD-4858-A1B7-167BD2DBE19D}"
EndProject
Project("{FAE04EC0-301F-11D3-BF4B-00C04F79EFBC}") = "StringLiteral", "StringLiteral\StringLiteral.csproj", "{49595543-BCCE-4345-ABDC-E572852CEB79}"
EndProject
Project("{FAE04EC0-301F-11D3-BF4B-00C04F79EFBC}") = "Arrays", "Arrays\Arrays.csproj", "{DCDB68BA-9709-436A-BE55-A485480C7B6C}"
EndProject
Project("{FAE04EC0-301F-11D3-BF4B-00C04F79EFBC}") = "Lists", "Lists\Lists.csproj", "{34ECE4F7-B953-4A04-8628-3AC9C11A8479}"
EndProject
Project("{FAE04EC0-301F-11D3-BF4B-00C04F79EFBC}") = "Dictionary", "Dictionary\Dictionary.csproj", "{EA411B76-355B-481F-9202-A4424412B635}"
EndProject
Project("{FAE04EC0-301F-11D3-BF4B-00C04F79EFBC}") = "Functions", "Functions\Functions.csproj", "{CD94A296-BFED-487B-B8E5-7B495C15AF12}"
EndProject
Project("{FAE04EC0-301F-11D3-BF4B-00C04F79EFBC}") = "OutParameters", "OutParameters\OutParameters.csproj", "{41AA691C-CEFC-46B0-BA74-5EFF90F3B9EA}"
EndProject
Project("{FAE04EC0-301F-11D3-BF4B-00C04F79EFBC}") = "RefParameter", "RefParameter\RefParameter.csproj", "{32957237-7948-417B-9E24-FBFBC03A774F}"
EndProject
Project("{FAE04EC0-301F-11D3-BF4B-00C04F79EFBC}") = "TriangleArea", "TriangleArea\TriangleArea.csproj", "{38C69AA7-E570-432D-AFCC-888997500365}"
EndProject
Project("{FAE04EC0-301F-11D3-BF4B-00C04F79EFBC}") = "TryCatch", "TryCatch\TryCatch.csproj", "{03D2EF58-65E1-470C-82FE-0CA92A5619F9}"
EndProject
Project("{FAE04EC0-301F-11D3-BF4B-00C04F79EFBC}") = "Structures", "Structures\Structures.csproj", "{FE825E76-4AD2-48DD-8626-FDA57FE0DAD0}"
EndProject
Project("{FAE04EC0-301F-11D3-BF4B-00C04F79EFBC}") = "Classes", "Classes\Classes.csproj", "{642BBB6E-8112-4E2C-9DC9-CC8C23361160}"
EndProject
Project("{FAE04EC0-301F-11D3-BF4B-00C04F79EFBC}") = "SetGet", "SetGet\SetGet.csproj", "{3C13AA16-1B53-4FE1-A993-6CB51892ECB3}"
EndProject
Project("{FAE04EC0-301F-11D3-BF4B-00C04F79EFBC}") = "Enums", "Enums\Enums.csproj", "{AF44C317-F27E-400B-8DF6-CFA1D7C8F40A}"
EndProject
Project("{FAE04EC0-301F-11D3-BF4B-00C04F79EFBC}") = "MultiDimensionalArrays", "MultiDimensionalArrays\MultiDimensionalArrays.csproj", "{77956112-201E-4A99-BD1F-6CE45EAFFC3F}"
EndProject
Project("{FAE04EC0-301F-11D3-BF4B-00C04F79EFBC}") = "Recursion", "Recursion\Recursion.csproj", "{8F57AA59-FA88-4B8C-80E6-2157F828CCFC}"
EndProject
Project("{FAE04EC0-301F-11D3-BF4B-00C04F79EFBC}") = "Stack", "Stack\Stack.csproj", "{119ECDA8-23D1-406E-A423-527BD39FDC29}"
EndProject
Project("{FAE04EC0-301F-11D3-BF4B-00C04F79EFBC}") = "Queue", "Queue\Queue.csproj", "{CD982939-F77E-4AC7-B09E-7D1D28023EE5}"
EndProject
Project("{FAE04EC0-301F-11D3-BF4B-00C04F79EFBC}") = "OptionalParameters", "OptionalParameters\OptionalParameters.csproj", "{13722B0F-CB88-43DB-B26B-09A911FAD5B7}"
EndProject
Project("{FAE04EC0-301F-11D3-BF4B-00C04F79EFBC}") = "Interfaces", "Interfaces\Interfaces.csproj", "{86F740FE-0F2A-4955-AAD1-5FB73650A6E7}"
EndProject
Project("{FAE04EC0-301F-11D3-BF4B-00C04F79EFBC}") = "Delegates", "Delegates\Delegates.csproj", "{C9040D14-95FA-4504-ADD6-1D7211A874A3}"
EndProject
Global
	GlobalSection(SolutionConfigurationPlatforms) = preSolution
		Debug|Any CPU = Debug|Any CPU
		Release|Any CPU = Release|Any CPU
	EndGlobalSection
	GlobalSection(SolutionProperties) = preSolution
		HideSolutionNode = FALSE
	EndGlobalSection
	GlobalSection(ProjectConfigurationPlatforms) = postSolution
		{C75D0D2B-2F0D-453A-B0E3-0B32D0685894}.Debug|Any CPU.ActiveCfg = Debug|Any CPU
		{C75D0D2B-2F0D-453A-B0E3-0B32D0685894}.Debug|Any CPU.Build.0 = Debug|Any CPU
		{C75D0D2B-2F0D-453A-B0E3-0B32D0685894}.Release|Any CPU.ActiveCfg = Release|Any CPU
		{C75D0D2B-2F0D-453A-B0E3-0B32D0685894}.Release|Any CPU.Build.0 = Release|Any CPU
		{64B07AEC-6231-45A7-A972-4D611C541BFC}.Debug|Any CPU.ActiveCfg = Debug|Any CPU
		{64B07AEC-6231-45A7-A972-4D611C541BFC}.Debug|Any CPU.Build.0 = Debug|Any CPU
		{64B07AEC-6231-45A7-A972-4D611C541BFC}.Release|Any CPU.ActiveCfg = Release|Any CPU
		{64B07AEC-6231-45A7-A972-4D611C541BFC}.Release|Any CPU.Build.0 = Release|Any CPU
		{E75F2640-7CC0-4413-8486-5BF790122CE8}.Debug|Any CPU.ActiveCfg = Debug|Any CPU
		{E75F2640-7CC0-4413-8486-5BF790122CE8}.Debug|Any CPU.Build.0 = Debug|Any CPU
		{E75F2640-7CC0-4413-8486-5BF790122CE8}.Release|Any CPU.ActiveCfg = Release|Any CPU
		{E75F2640-7CC0-4413-8486-5BF790122CE8}.Release|Any CPU.Build.0 = Release|Any CPU
		{EC91C2BC-1B3D-4D87-95B0-3F07218F5163}.Debug|Any CPU.ActiveCfg = Debug|Any CPU
		{EC91C2BC-1B3D-4D87-95B0-3F07218F5163}.Debug|Any CPU.Build.0 = Debug|Any CPU
		{EC91C2BC-1B3D-4D87-95B0-3F07218F5163}.Release|Any CPU.ActiveCfg = Release|Any CPU
		{EC91C2BC-1B3D-4D87-95B0-3F07218F5163}.Release|Any CPU.Build.0 = Release|Any CPU
		{414237FE-A1CD-47D1-82D1-53438411B5F2}.Debug|Any CPU.ActiveCfg = Debug|Any CPU
		{414237FE-A1CD-47D1-82D1-53438411B5F2}.Debug|Any CPU.Build.0 = Debug|Any CPU
		{414237FE-A1CD-47D1-82D1-53438411B5F2}.Release|Any CPU.ActiveCfg = Release|Any CPU
		{414237FE-A1CD-47D1-82D1-53438411B5F2}.Release|Any CPU.Build.0 = Release|Any CPU
		{87807CBE-B275-4AC1-9830-4297911085DC}.Debug|Any CPU.ActiveCfg = Debug|Any CPU
		{87807CBE-B275-4AC1-9830-4297911085DC}.Debug|Any CPU.Build.0 = Debug|Any CPU
		{87807CBE-B275-4AC1-9830-4297911085DC}.Release|Any CPU.ActiveCfg = Release|Any CPU
		{87807CBE-B275-4AC1-9830-4297911085DC}.Release|Any CPU.Build.0 = Release|Any CPU
		{E04999FF-BC41-47EB-95F3-394E0E21A8A3}.Debug|Any CPU.ActiveCfg = Debug|Any CPU
		{E04999FF-BC41-47EB-95F3-394E0E21A8A3}.Debug|Any CPU.Build.0 = Debug|Any CPU
		{E04999FF-BC41-47EB-95F3-394E0E21A8A3}.Release|Any CPU.ActiveCfg = Release|Any CPU
		{E04999FF-BC41-47EB-95F3-394E0E21A8A3}.Release|Any CPU.Build.0 = Release|Any CPU
		{ED80DFD0-7307-447E-82EA-99253F8DBBBE}.Debug|Any CPU.ActiveCfg = Debug|Any CPU
		{ED80DFD0-7307-447E-82EA-99253F8DBBBE}.Debug|Any CPU.Build.0 = Debug|Any CPU
		{ED80DFD0-7307-447E-82EA-99253F8DBBBE}.Release|Any CPU.ActiveCfg = Release|Any CPU
		{ED80DFD0-7307-447E-82EA-99253F8DBBBE}.Release|Any CPU.Build.0 = Release|Any CPU
		{6AB8720F-CBCD-4858-A1B7-167BD2DBE19D}.Debug|Any CPU.ActiveCfg = Debug|Any CPU
		{6AB8720F-CBCD-4858-A1B7-167BD2DBE19D}.Debug|Any CPU.Build.0 = Debug|Any CPU
		{6AB8720F-CBCD-4858-A1B7-167BD2DBE19D}.Release|Any CPU.ActiveCfg = Release|Any CPU
		{6AB8720F-CBCD-4858-A1B7-167BD2DBE19D}.Release|Any CPU.Build.0 = Release|Any CPU
		{49595543-BCCE-4345-ABDC-E572852CEB79}.Debug|Any CPU.ActiveCfg = Debug|Any CPU
		{49595543-BCCE-4345-ABDC-E572852CEB79}.Debug|Any CPU.Build.0 = Debug|Any CPU
		{49595543-BCCE-4345-ABDC-E572852CEB79}.Release|Any CPU.ActiveCfg = Release|Any CPU
		{49595543-BCCE-4345-ABDC-E572852CEB79}.Release|Any CPU.Build.0 = Release|Any CPU
		{DCDB68BA-9709-436A-BE55-A485480C7B6C}.Debug|Any CPU.ActiveCfg = Debug|Any CPU
		{DCDB68BA-9709-436A-BE55-A485480C7B6C}.Debug|Any CPU.Build.0 = Debug|Any CPU
		{DCDB68BA-9709-436A-BE55-A485480C7B6C}.Release|Any CPU.ActiveCfg = Release|Any CPU
		{DCDB68BA-9709-436A-BE55-A485480C7B6C}.Release|Any CPU.Build.0 = Release|Any CPU
		{34ECE4F7-B953-4A04-8628-3AC9C11A8479}.Debug|Any CPU.ActiveCfg = Debug|Any CPU
		{34ECE4F7-B953-4A04-8628-3AC9C11A8479}.Debug|Any CPU.Build.0 = Debug|Any CPU
		{34ECE4F7-B953-4A04-8628-3AC9C11A8479}.Release|Any CPU.ActiveCfg = Release|Any CPU
		{34ECE4F7-B953-4A04-8628-3AC9C11A8479}.Release|Any CPU.Build.0 = Release|Any CPU
		{EA411B76-355B-481F-9202-A4424412B635}.Debug|Any CPU.ActiveCfg = Debug|Any CPU
		{EA411B76-355B-481F-9202-A4424412B635}.Debug|Any CPU.Build.0 = Debug|Any CPU
		{EA411B76-355B-481F-9202-A4424412B635}.Release|Any CPU.ActiveCfg = Release|Any CPU
		{EA411B76-355B-481F-9202-A4424412B635}.Release|Any CPU.Build.0 = Release|Any CPU
		{CD94A296-BFED-487B-B8E5-7B495C15AF12}.Debug|Any CPU.ActiveCfg = Debug|Any CPU
		{CD94A296-BFED-487B-B8E5-7B495C15AF12}.Debug|Any CPU.Build.0 = Debug|Any CPU
		{CD94A296-BFED-487B-B8E5-7B495C15AF12}.Release|Any CPU.ActiveCfg = Release|Any CPU
		{CD94A296-BFED-487B-B8E5-7B495C15AF12}.Release|Any CPU.Build.0 = Release|Any CPU
		{41AA691C-CEFC-46B0-BA74-5EFF90F3B9EA}.Debug|Any CPU.ActiveCfg = Debug|Any CPU
		{41AA691C-CEFC-46B0-BA74-5EFF90F3B9EA}.Debug|Any CPU.Build.0 = Debug|Any CPU
		{41AA691C-CEFC-46B0-BA74-5EFF90F3B9EA}.Release|Any CPU.ActiveCfg = Release|Any CPU
		{41AA691C-CEFC-46B0-BA74-5EFF90F3B9EA}.Release|Any CPU.Build.0 = Release|Any CPU
		{32957237-7948-417B-9E24-FBFBC03A774F}.Debug|Any CPU.ActiveCfg = Debug|Any CPU
		{32957237-7948-417B-9E24-FBFBC03A774F}.Debug|Any CPU.Build.0 = Debug|Any CPU
		{32957237-7948-417B-9E24-FBFBC03A774F}.Release|Any CPU.ActiveCfg = Release|Any CPU
		{32957237-7948-417B-9E24-FBFBC03A774F}.Release|Any CPU.Build.0 = Release|Any CPU
		{38C69AA7-E570-432D-AFCC-888997500365}.Debug|Any CPU.ActiveCfg = Debug|Any CPU
		{38C69AA7-E570-432D-AFCC-888997500365}.Debug|Any CPU.Build.0 = Debug|Any CPU
		{38C69AA7-E570-432D-AFCC-888997500365}.Release|Any CPU.ActiveCfg = Release|Any CPU
		{38C69AA7-E570-432D-AFCC-888997500365}.Release|Any CPU.Build.0 = Release|Any CPU
		{03D2EF58-65E1-470C-82FE-0CA92A5619F9}.Debug|Any CPU.ActiveCfg = Debug|Any CPU
		{03D2EF58-65E1-470C-82FE-0CA92A5619F9}.Debug|Any CPU.Build.0 = Debug|Any CPU
		{03D2EF58-65E1-470C-82FE-0CA92A5619F9}.Release|Any CPU.ActiveCfg = Release|Any CPU
		{03D2EF58-65E1-470C-82FE-0CA92A5619F9}.Release|Any CPU.Build.0 = Release|Any CPU
		{FE825E76-4AD2-48DD-8626-FDA57FE0DAD0}.Debug|Any CPU.ActiveCfg = Debug|Any CPU
		{FE825E76-4AD2-48DD-8626-FDA57FE0DAD0}.Debug|Any CPU.Build.0 = Debug|Any CPU
		{FE825E76-4AD2-48DD-8626-FDA57FE0DAD0}.Release|Any CPU.ActiveCfg = Release|Any CPU
		{FE825E76-4AD2-48DD-8626-FDA57FE0DAD0}.Release|Any CPU.Build.0 = Release|Any CPU
		{642BBB6E-8112-4E2C-9DC9-CC8C23361160}.Debug|Any CPU.ActiveCfg = Debug|Any CPU
		{642BBB6E-8112-4E2C-9DC9-CC8C23361160}.Debug|Any CPU.Build.0 = Debug|Any CPU
		{642BBB6E-8112-4E2C-9DC9-CC8C23361160}.Release|Any CPU.ActiveCfg = Release|Any CPU
		{642BBB6E-8112-4E2C-9DC9-CC8C23361160}.Release|Any CPU.Build.0 = Release|Any CPU
		{3C13AA16-1B53-4FE1-A993-6CB51892ECB3}.Debug|Any CPU.ActiveCfg = Debug|Any CPU
		{3C13AA16-1B53-4FE1-A993-6CB51892ECB3}.Debug|Any CPU.Build.0 = Debug|Any CPU
		{3C13AA16-1B53-4FE1-A993-6CB51892ECB3}.Release|Any CPU.ActiveCfg = Release|Any CPU
		{3C13AA16-1B53-4FE1-A993-6CB51892ECB3}.Release|Any CPU.Build.0 = Release|Any CPU
		{AF44C317-F27E-400B-8DF6-CFA1D7C8F40A}.Debug|Any CPU.ActiveCfg = Debug|Any CPU
		{AF44C317-F27E-400B-8DF6-CFA1D7C8F40A}.Debug|Any CPU.Build.0 = Debug|Any CPU
		{AF44C317-F27E-400B-8DF6-CFA1D7C8F40A}.Release|Any CPU.ActiveCfg = Release|Any CPU
		{AF44C317-F27E-400B-8DF6-CFA1D7C8F40A}.Release|Any CPU.Build.0 = Release|Any CPU
		{77956112-201E-4A99-BD1F-6CE45EAFFC3F}.Debug|Any CPU.ActiveCfg = Debug|Any CPU
		{77956112-201E-4A99-BD1F-6CE45EAFFC3F}.Debug|Any CPU.Build.0 = Debug|Any CPU
		{77956112-201E-4A99-BD1F-6CE45EAFFC3F}.Release|Any CPU.ActiveCfg = Release|Any CPU
		{77956112-201E-4A99-BD1F-6CE45EAFFC3F}.Release|Any CPU.Build.0 = Release|Any CPU
		{8F57AA59-FA88-4B8C-80E6-2157F828CCFC}.Debug|Any CPU.ActiveCfg = Debug|Any CPU
		{8F57AA59-FA88-4B8C-80E6-2157F828CCFC}.Debug|Any CPU.Build.0 = Debug|Any CPU
		{8F57AA59-FA88-4B8C-80E6-2157F828CCFC}.Release|Any CPU.ActiveCfg = Release|Any CPU
		{8F57AA59-FA88-4B8C-80E6-2157F828CCFC}.Release|Any CPU.Build.0 = Release|Any CPU
		{119ECDA8-23D1-406E-A423-527BD39FDC29}.Debug|Any CPU.ActiveCfg = Debug|Any CPU
		{119ECDA8-23D1-406E-A423-527BD39FDC29}.Debug|Any CPU.Build.0 = Debug|Any CPU
		{119ECDA8-23D1-406E-A423-527BD39FDC29}.Release|Any CPU.ActiveCfg = Release|Any CPU
		{119ECDA8-23D1-406E-A423-527BD39FDC29}.Release|Any CPU.Build.0 = Release|Any CPU
		{CD982939-F77E-4AC7-B09E-7D1D28023EE5}.Debug|Any CPU.ActiveCfg = Debug|Any CPU
		{CD982939-F77E-4AC7-B09E-7D1D28023EE5}.Debug|Any CPU.Build.0 = Debug|Any CPU
		{CD982939-F77E-4AC7-B09E-7D1D28023EE5}.Release|Any CPU.ActiveCfg = Release|Any CPU
		{CD982939-F77E-4AC7-B09E-7D1D28023EE5}.Release|Any CPU.Build.0 = Release|Any CPU
		{13722B0F-CB88-43DB-B26B-09A911FAD5B7}.Debug|Any CPU.ActiveCfg = Debug|Any CPU
		{13722B0F-CB88-43DB-B26B-09A911FAD5B7}.Debug|Any CPU.Build.0 = Debug|Any CPU
		{13722B0F-CB88-43DB-B26B-09A911FAD5B7}.Release|Any CPU.ActiveCfg = Release|Any CPU
		{13722B0F-CB88-43DB-B26B-09A911FAD5B7}.Release|Any CPU.Build.0 = Release|Any CPU
		{86F740FE-0F2A-4955-AAD1-5FB73650A6E7}.Debug|Any CPU.ActiveCfg = Debug|Any CPU
		{86F740FE-0F2A-4955-AAD1-5FB73650A6E7}.Debug|Any CPU.Build.0 = Debug|Any CPU
		{86F740FE-0F2A-4955-AAD1-5FB73650A6E7}.Release|Any CPU.ActiveCfg = Release|Any CPU
		{86F740FE-0F2A-4955-AAD1-5FB73650A6E7}.Release|Any CPU.Build.0 = Release|Any CPU
		{C9040D14-95FA-4504-ADD6-1D7211A874A3}.Debug|Any CPU.ActiveCfg = Debug|Any CPU
		{C9040D14-95FA-4504-ADD6-1D7211A874A3}.Debug|Any CPU.Build.0 = Debug|Any CPU
		{C9040D14-95FA-4504-ADD6-1D7211A874A3}.Release|Any CPU.ActiveCfg = Release|Any CPU
		{C9040D14-95FA-4504-ADD6-1D7211A874A3}.Release|Any CPU.Build.0 = Release|Any CPU
	EndGlobalSection
EndGlobal
